
Microsoft Visual Studio Solution File, Format Version 12.00
# Visual Studio Version 17
VisualStudioVersion = 17.1.32328.378
MinimumVisualStudioVersion = 10.0.40219.1
Project("{9A19103F-16F7-4668-BE54-9A1E7A4F7556}") = "Apsiyon", "Apsiyon\Apsiyon.csproj", "{20210583-1557-4BEA-AB91-A3853AD19BF2}"
EndProject
Global
	GlobalSection(SolutionConfigurationPlatforms) = preSolution
		Debug|Any CPU = Debug|Any CPU
		Release|Any CPU = Release|Any CPU
	EndGlobalSection
	GlobalSection(ProjectConfigurationPlatforms) = postSolution
		{20210583-1557-4BEA-AB91-A3853AD19BF2}.Debug|Any CPU.ActiveCfg = Debug|Any CPU
		{20210583-1557-4BEA-AB91-A3853AD19BF2}.Debug|Any CPU.Build.0 = Debug|Any CPU
		{20210583-1557-4BEA-AB91-A3853AD19BF2}.Release|Any CPU.ActiveCfg = Release|Any CPU
		{20210583-1557-4BEA-AB91-A3853AD19BF2}.Release|Any CPU.Build.0 = Release|Any CPU
	EndGlobalSection
	GlobalSection(SolutionProperties) = preSolution
		HideSolutionNode = FALSE
	EndGlobalSection
	GlobalSection(ExtensibilityGlobals) = postSolution
		SolutionGuid = {D9965A5E-CB95-4BA8-85D4-8BF4EB584D26}
	EndGlobalSection
EndGlobal
